// !$*UTF8*$!
{
	archiveVersion = 1;
	classes = {
	};
	objectVersion = 55;
	objects = {

/* Begin PBXBuildFile section */
		0457032B2ACC7FC60054F8DC /* AppDelegate.swift in Sources */ = {isa = PBXBuildFile; fileRef = 0457032A2ACC7FC60054F8DC /* AppDelegate.swift */; };
		0457032D2ACC7FC60054F8DC /* SceneDelegate.swift in Sources */ = {isa = PBXBuildFile; fileRef = 0457032C2ACC7FC60054F8DC /* SceneDelegate.swift */; };
		0457032F2ACC7FC60054F8DC /* ViewController.swift in Sources */ = {isa = PBXBuildFile; fileRef = 0457032E2ACC7FC60054F8DC /* ViewController.swift */; };
		045703322ACC7FC60054F8DC /* Main.storyboard in Resources */ = {isa = PBXBuildFile; fileRef = 045703302ACC7FC60054F8DC /* Main.storyboard */; };
		045703352ACC7FC60054F8DC /* MultiplePickerView.xcdatamodeld in Sources */ = {isa = PBXBuildFile; fileRef = 045703332ACC7FC60054F8DC /* MultiplePickerView.xcdatamodeld */; };
		045703372ACC7FC90054F8DC /* Assets.xcassets in Resources */ = {isa = PBXBuildFile; fileRef = 045703362ACC7FC90054F8DC /* Assets.xcassets */; };
		0457033A2ACC7FC90054F8DC /* LaunchScreen.storyboard in Resources */ = {isa = PBXBuildFile; fileRef = 045703382ACC7FC90054F8DC /* LaunchScreen.storyboard */; };
		045703452ACC7FCA0054F8DC /* MultiplePickerViewTests.swift in Sources */ = {isa = PBXBuildFile; fileRef = 045703442ACC7FCA0054F8DC /* MultiplePickerViewTests.swift */; };
		0457034F2ACC7FCA0054F8DC /* MultiplePickerViewUITests.swift in Sources */ = {isa = PBXBuildFile; fileRef = 0457034E2ACC7FCA0054F8DC /* MultiplePickerViewUITests.swift */; };
		045703512ACC7FCA0054F8DC /* MultiplePickerViewUITestsLaunchTests.swift in Sources */ = {isa = PBXBuildFile; fileRef = 045703502ACC7FCA0054F8DC /* MultiplePickerViewUITestsLaunchTests.swift */; };
/* End PBXBuildFile section */

/* Begin PBXContainerItemProxy section */
		045703412ACC7FCA0054F8DC /* PBXContainerItemProxy */ = {
			isa = PBXContainerItemProxy;
			containerPortal = 0457031F2ACC7FC60054F8DC /* Project object */;
			proxyType = 1;
			remoteGlobalIDString = 045703262ACC7FC60054F8DC;
			remoteInfo = MultiplePickerView;
		};
		0457034B2ACC7FCA0054F8DC /* PBXContainerItemProxy */ = {
			isa = PBXContainerItemProxy;
			containerPortal = 0457031F2ACC7FC60054F8DC /* Project object */;
			proxyType = 1;
			remoteGlobalIDString = 045703262ACC7FC60054F8DC;
			remoteInfo = MultiplePickerView;
		};
/* End PBXContainerItemProxy section */

/* Begin PBXFileReference section */
		045703272ACC7FC60054F8DC /* MultiplePickerView.app */ = {isa = PBXFileReference; explicitFileType = wrapper.application; includeInIndex = 0; path = MultiplePickerView.app; sourceTree = BUILT_PRODUCTS_DIR; };
		0457032A2ACC7FC60054F8DC /* AppDelegate.swift */ = {isa = PBXFileReference; lastKnownFileType = sourcecode.swift; path = AppDelegate.swift; sourceTree = "<group>"; };
		0457032C2ACC7FC60054F8DC /* SceneDelegate.swift */ = {isa = PBXFileReference; lastKnownFileType = sourcecode.swift; path = SceneDelegate.swift; sourceTree = "<group>"; };
		0457032E2ACC7FC60054F8DC /* ViewController.swift */ = {isa = PBXFileReference; lastKnownFileType = sourcecode.swift; path = ViewController.swift; sourceTree = "<group>"; };
		045703312ACC7FC60054F8DC /* Base */ = {isa = PBXFileReference; lastKnownFileType = file.storyboard; name = Base; path = Base.lproj/Main.storyboard; sourceTree = "<group>"; };
		045703342ACC7FC60054F8DC /* MultiplePickerView.xcdatamodel */ = {isa = PBXFileReference; lastKnownFileType = wrapper.xcdatamodel; path = MultiplePickerView.xcdatamodel; sourceTree = "<group>"; };
		045703362ACC7FC90054F8DC /* Assets.xcassets */ = {isa = PBXFileReference; lastKnownFileType = folder.assetcatalog; path = Assets.xcassets; sourceTree = "<group>"; };
		045703392ACC7FC90054F8DC /* Base */ = {isa = PBXFileReference; lastKnownFileType = file.storyboard; name = Base; path = Base.lproj/LaunchScreen.storyboard; sourceTree = "<group>"; };
		0457033B2ACC7FC90054F8DC /* Info.plist */ = {isa = PBXFileReference; lastKnownFileType = text.plist.xml; path = Info.plist; sourceTree = "<group>"; };
		045703402ACC7FCA0054F8DC /* MultiplePickerViewTests.xctest */ = {isa = PBXFileReference; explicitFileType = wrapper.cfbundle; includeInIndex = 0; path = MultiplePickerViewTests.xctest; sourceTree = BUILT_PRODUCTS_DIR; };
		045703442ACC7FCA0054F8DC /* MultiplePickerViewTests.swift */ = {isa = PBXFileReference; lastKnownFileType = sourcecode.swift; path = MultiplePickerViewTests.swift; sourceTree = "<group>"; };
		0457034A2ACC7FCA0054F8DC /* MultiplePickerViewUITests.xctest */ = {isa = PBXFileReference; explicitFileType = wrapper.cfbundle; includeInIndex = 0; path = MultiplePickerViewUITests.xctest; sourceTree = BUILT_PRODUCTS_DIR; };
		0457034E2ACC7FCA0054F8DC /* MultiplePickerViewUITests.swift */ = {isa = PBXFileReference; lastKnownFileType = sourcecode.swift; path = MultiplePickerViewUITests.swift; sourceTree = "<group>"; };
		045703502ACC7FCA0054F8DC /* MultiplePickerViewUITestsLaunchTests.swift */ = {isa = PBXFileReference; lastKnownFileType = sourcecode.swift; path = MultiplePickerViewUITestsLaunchTests.swift; sourceTree = "<group>"; };
/* End PBXFileReference section */

/* Begin PBXFrameworksBuildPhase section */
		045703242ACC7FC60054F8DC /* Frameworks */ = {
			isa = PBXFrameworksBuildPhase;
			buildActionMask = 2147483647;
			files = (
			);
			runOnlyForDeploymentPostprocessing = 0;
		};
		0457033D2ACC7FCA0054F8DC /* Frameworks */ = {
			isa = PBXFrameworksBuildPhase;
			buildActionMask = 2147483647;
			files = (
			);
			runOnlyForDeploymentPostprocessing = 0;
		};
		045703472ACC7FCA0054F8DC /* Frameworks */ = {
			isa = PBXFrameworksBuildPhase;
			buildActionMask = 2147483647;
			files = (
			);
			runOnlyForDeploymentPostprocessing = 0;
		};
/* End PBXFrameworksBuildPhase section */

/* Begin PBXGroup section */
		0457031E2ACC7FC60054F8DC = {
			isa = PBXGroup;
			children = (
				045703292ACC7FC60054F8DC /* MultiplePickerView */,
				045703432ACC7FCA0054F8DC /* MultiplePickerViewTests */,
				0457034D2ACC7FCA0054F8DC /* MultiplePickerViewUITests */,
				045703282ACC7FC60054F8DC /* Products */,
			);
			sourceTree = "<group>";
		};
		045703282ACC7FC60054F8DC /* Products */ = {
			isa = PBXGroup;
			children = (
				045703272ACC7FC60054F8DC /* MultiplePickerView.app */,
				045703402ACC7FCA0054F8DC /* MultiplePickerViewTests.xctest */,
				0457034A2ACC7FCA0054F8DC /* MultiplePickerViewUITests.xctest */,
			);
			name = Products;
			sourceTree = "<group>";
		};
		045703292ACC7FC60054F8DC /* MultiplePickerView */ = {
			isa = PBXGroup;
			children = (
				0457032A2ACC7FC60054F8DC /* AppDelegate.swift */,
				0457032C2ACC7FC60054F8DC /* SceneDelegate.swift */,
				0457032E2ACC7FC60054F8DC /* ViewController.swift */,
				045703302ACC7FC60054F8DC /* Main.storyboard */,
				045703362ACC7FC90054F8DC /* Assets.xcassets */,
				045703382ACC7FC90054F8DC /* LaunchScreen.storyboard */,
				0457033B2ACC7FC90054F8DC /* Info.plist */,
				045703332ACC7FC60054F8DC /* MultiplePickerView.xcdatamodeld */,
			);
			path = MultiplePickerView;
			sourceTree = "<group>";
		};
		045703432ACC7FCA0054F8DC /* MultiplePickerViewTests */ = {
			isa = PBXGroup;
			children = (
				045703442ACC7FCA0054F8DC /* MultiplePickerViewTests.swift */,
			);
			path = MultiplePickerViewTests;
			sourceTree = "<group>";
		};
		0457034D2ACC7FCA0054F8DC /* MultiplePickerViewUITests */ = {
			isa = PBXGroup;
			children = (
				0457034E2ACC7FCA0054F8DC /* MultiplePickerViewUITests.swift */,
				045703502ACC7FCA0054F8DC /* MultiplePickerViewUITestsLaunchTests.swift */,
			);
			path = MultiplePickerViewUITests;
			sourceTree = "<group>";
		};
/* End PBXGroup section */

/* Begin PBXNativeTarget section */
		045703262ACC7FC60054F8DC /* MultiplePickerView */ = {
			isa = PBXNativeTarget;
			buildConfigurationList = 045703542ACC7FCA0054F8DC /* Build configuration list for PBXNativeTarget "MultiplePickerView" */;
			buildPhases = (
				045703232ACC7FC60054F8DC /* Sources */,
				045703242ACC7FC60054F8DC /* Frameworks */,
				045703252ACC7FC60054F8DC /* Resources */,
			);
			buildRules = (
			);
			dependencies = (
			);
			name = MultiplePickerView;
			productName = MultiplePickerView;
			productReference = 045703272ACC7FC60054F8DC /* MultiplePickerView.app */;
			productType = "com.apple.product-type.application";
		};
		0457033F2ACC7FCA0054F8DC /* MultiplePickerViewTests */ = {
			isa = PBXNativeTarget;
			buildConfigurationList = 045703572ACC7FCA0054F8DC /* Build configuration list for PBXNativeTarget "MultiplePickerViewTests" */;
			buildPhases = (
				0457033C2ACC7FCA0054F8DC /* Sources */,
				0457033D2ACC7FCA0054F8DC /* Frameworks */,
				0457033E2ACC7FCA0054F8DC /* Resources */,
			);
			buildRules = (
			);
			dependencies = (
				045703422ACC7FCA0054F8DC /* PBXTargetDependency */,
			);
			name = MultiplePickerViewTests;
			productName = MultiplePickerViewTests;
			productReference = 045703402ACC7FCA0054F8DC /* MultiplePickerViewTests.xctest */;
			productType = "com.apple.product-type.bundle.unit-test";
		};
		045703492ACC7FCA0054F8DC /* MultiplePickerViewUITests */ = {
			isa = PBXNativeTarget;
			buildConfigurationList = 0457035A2ACC7FCA0054F8DC /* Build configuration list for PBXNativeTarget "MultiplePickerViewUITests" */;
			buildPhases = (
				045703462ACC7FCA0054F8DC /* Sources */,
				045703472ACC7FCA0054F8DC /* Frameworks */,
				045703482ACC7FCA0054F8DC /* Resources */,
			);
			buildRules = (
			);
			dependencies = (
				0457034C2ACC7FCA0054F8DC /* PBXTargetDependency */,
			);
			name = MultiplePickerViewUITests;
			productName = MultiplePickerViewUITests;
			productReference = 0457034A2ACC7FCA0054F8DC /* MultiplePickerViewUITests.xctest */;
			productType = "com.apple.product-type.bundle.ui-testing";
		};
/* End PBXNativeTarget section */

/* Begin PBXProject section */
		0457031F2ACC7FC60054F8DC /* Project object */ = {
			isa = PBXProject;
			attributes = {
				BuildIndependentTargetsInParallel = 1;
				LastSwiftUpdateCheck = 1340;
				LastUpgradeCheck = 1340;
				TargetAttributes = {
					045703262ACC7FC60054F8DC = {
						CreatedOnToolsVersion = 13.4.1;
					};
					0457033F2ACC7FCA0054F8DC = {
						CreatedOnToolsVersion = 13.4.1;
						TestTargetID = 045703262ACC7FC60054F8DC;
					};
					045703492ACC7FCA0054F8DC = {
						CreatedOnToolsVersion = 13.4.1;
						TestTargetID = 045703262ACC7FC60054F8DC;
					};
				};
			};
			buildConfigurationList = 045703222ACC7FC60054F8DC /* Build configuration list for PBXProject "MultiplePickerView" */;
			compatibilityVersion = "Xcode 13.0";
			developmentRegion = en;
			hasScannedForEncodings = 0;
			knownRegions = (
				en,
				Base,
			);
			mainGroup = 0457031E2ACC7FC60054F8DC;
			productRefGroup = 045703282ACC7FC60054F8DC /* Products */;
			projectDirPath = "";
			projectRoot = "";
			targets = (
				045703262ACC7FC60054F8DC /* MultiplePickerView */,
				0457033F2ACC7FCA0054F8DC /* MultiplePickerViewTests */,
				045703492ACC7FCA0054F8DC /* MultiplePickerViewUITests */,
			);
		};
/* End PBXProject section */

/* Begin PBXResourcesBuildPhase section */
		045703252ACC7FC60054F8DC /* Resources */ = {
			isa = PBXResourcesBuildPhase;
			buildActionMask = 2147483647;
			files = (
				0457033A2ACC7FC90054F8DC /* LaunchScreen.storyboard in Resources */,
				045703372ACC7FC90054F8DC /* Assets.xcassets in Resources */,
				045703322ACC7FC60054F8DC /* Main.storyboard in Resources */,
			);
			runOnlyForDeploymentPostprocessing = 0;
		};
		0457033E2ACC7FCA0054F8DC /* Resources */ = {
			isa = PBXResourcesBuildPhase;
			buildActionMask = 2147483647;
			files = (
			);
			runOnlyForDeploymentPostprocessing = 0;
		};
		045703482ACC7FCA0054F8DC /* Resources */ = {
			isa = PBXResourcesBuildPhase;
			buildActionMask = 2147483647;
			files = (
			);
			runOnlyForDeploymentPostprocessing = 0;
		};
/* End PBXResourcesBuildPhase section */

/* Begin PBXSourcesBuildPhase section */
		045703232ACC7FC60054F8DC /* Sources */ = {
			isa = PBXSourcesBuildPhase;
			buildActionMask = 2147483647;
			files = (
				045703352ACC7FC60054F8DC /* MultiplePickerView.xcdatamodeld in Sources */,
				0457032F2ACC7FC60054F8DC /* ViewController.swift in Sources */,
				0457032B2ACC7FC60054F8DC /* AppDelegate.swift in Sources */,
				0457032D2ACC7FC60054F8DC /* SceneDelegate.swift in Sources */,
			);
			runOnlyForDeploymentPostprocessing = 0;
		};
		0457033C2ACC7FCA0054F8DC /* Sources */ = {
			isa = PBXSourcesBuildPhase;
			buildActionMask = 2147483647;
			files = (
				045703452ACC7FCA0054F8DC /* MultiplePickerViewTests.swift in Sources */,
			);
			runOnlyForDeploymentPostprocessing = 0;
		};
		045703462ACC7FCA0054F8DC /* Sources */ = {
			isa = PBXSourcesBuildPhase;
			buildActionMask = 2147483647;
			files = (
				0457034F2ACC7FCA0054F8DC /* MultiplePickerViewUITests.swift in Sources */,
				045703512ACC7FCA0054F8DC /* MultiplePickerViewUITestsLaunchTests.swift in Sources */,
			);
			runOnlyForDeploymentPostprocessing = 0;
		};
/* End PBXSourcesBuildPhase section */

/* Begin PBXTargetDependency section */
		045703422ACC7FCA0054F8DC /* PBXTargetDependency */ = {
			isa = PBXTargetDependency;
			target = 045703262ACC7FC60054F8DC /* MultiplePickerView */;
			targetProxy = 045703412ACC7FCA0054F8DC /* PBXContainerItemProxy */;
		};
		0457034C2ACC7FCA0054F8DC /* PBXTargetDependency */ = {
			isa = PBXTargetDependency;
			target = 045703262ACC7FC60054F8DC /* MultiplePickerView */;
			targetProxy = 0457034B2ACC7FCA0054F8DC /* PBXContainerItemProxy */;
		};
/* End PBXTargetDependency section */

/* Begin PBXVariantGroup section */
		045703302ACC7FC60054F8DC /* Main.storyboard */ = {
			isa = PBXVariantGroup;
			children = (
				045703312ACC7FC60054F8DC /* Base */,
			);
			name = Main.storyboard;
			sourceTree = "<group>";
		};
		045703382ACC7FC90054F8DC /* LaunchScreen.storyboard */ = {
			isa = PBXVariantGroup;
			children = (
				045703392ACC7FC90054F8DC /* Base */,
			);
			name = LaunchScreen.storyboard;
			sourceTree = "<group>";
		};
/* End PBXVariantGroup section */

/* Begin XCBuildConfiguration section */
		045703522ACC7FCA0054F8DC /* Debug */ = {
			isa = XCBuildConfiguration;
			buildSettings = {
				ALWAYS_SEARCH_USER_PATHS = NO;
				CLANG_ANALYZER_NONNULL = YES;
				CLANG_ANALYZER_NUMBER_OBJECT_CONVERSION = YES_AGGRESSIVE;
				CLANG_CXX_LANGUAGE_STANDARD = "gnu++17";
				CLANG_ENABLE_MODULES = YES;
				CLANG_ENABLE_OBJC_ARC = YES;
				CLANG_ENABLE_OBJC_WEAK = YES;
				CLANG_WARN_BLOCK_CAPTURE_AUTORELEASING = YES;
				CLANG_WARN_BOOL_CONVERSION = YES;
				CLANG_WARN_COMMA = YES;
				CLANG_WARN_CONSTANT_CONVERSION = YES;
				CLANG_WARN_DEPRECATED_OBJC_IMPLEMENTATIONS = YES;
				CLANG_WARN_DIRECT_OBJC_ISA_USAGE = YES_ERROR;
				CLANG_WARN_DOCUMENTATION_COMMENTS = YES;
				CLANG_WARN_EMPTY_BODY = YES;
				CLANG_WARN_ENUM_CONVERSION = YES;
				CLANG_WARN_INFINITE_RECURSION = YES;
				CLANG_WARN_INT_CONVERSION = YES;
				CLANG_WARN_NON_LITERAL_NULL_CONVERSION = YES;
				CLANG_WARN_OBJC_IMPLICIT_RETAIN_SELF = YES;
				CLANG_WARN_OBJC_LITERAL_CONVERSION = YES;
				CLANG_WARN_OBJC_ROOT_CLASS = YES_ERROR;
				CLANG_WARN_QUOTED_INCLUDE_IN_FRAMEWORK_HEADER = YES;
				CLANG_WARN_RANGE_LOOP_ANALYSIS = YES;
				CLANG_WARN_STRICT_PROTOTYPES = YES;
				CLANG_WARN_SUSPICIOUS_MOVE = YES;
				CLANG_WARN_UNGUARDED_AVAILABILITY = YES_AGGRESSIVE;
				CLANG_WARN_UNREACHABLE_CODE = YES;
				CLANG_WARN__DUPLICATE_METHOD_MATCH = YES;
				COPY_PHASE_STRIP = NO;
				DEBUG_INFORMATION_FORMAT = dwarf;
				ENABLE_STRICT_OBJC_MSGSEND = YES;
				ENABLE_TESTABILITY = YES;
				GCC_C_LANGUAGE_STANDARD = gnu11;
				GCC_DYNAMIC_NO_PIC = NO;
				GCC_NO_COMMON_BLOCKS = YES;
				GCC_OPTIMIZATION_LEVEL = 0;
				GCC_PREPROCESSOR_DEFINITIONS = (
					"DEBUG=1",
					"$(inherited)",
				);
				GCC_WARN_64_TO_32_BIT_CONVERSION = YES;
				GCC_WARN_ABOUT_RETURN_TYPE = YES_ERROR;
				GCC_WARN_UNDECLARED_SELECTOR = YES;
				GCC_WARN_UNINITIALIZED_AUTOS = YES_AGGRESSIVE;
				GCC_WARN_UNUSED_FUNCTION = YES;
				GCC_WARN_UNUSED_VARIABLE = YES;
				IPHONEOS_DEPLOYMENT_TARGET = 15.5;
				MTL_ENABLE_DEBUG_INFO = INCLUDE_SOURCE;
				MTL_FAST_MATH = YES;
				ONLY_ACTIVE_ARCH = YES;
				SDKROOT = iphoneos;
				SWIFT_ACTIVE_COMPILATION_CONDITIONS = DEBUG;
				SWIFT_OPTIMIZATION_LEVEL = "-Onone";
			};
			name = Debug;
		};
		045703532ACC7FCA0054F8DC /* Release */ = {
			isa = XCBuildConfiguration;
			buildSettings = {
				ALWAYS_SEARCH_USER_PATHS = NO;
				CLANG_ANALYZER_NONNULL = YES;
				CLANG_ANALYZER_NUMBER_OBJECT_CONVERSION = YES_AGGRESSIVE;
				CLANG_CXX_LANGUAGE_STANDARD = "gnu++17";
				CLANG_ENABLE_MODULES = YES;
				CLANG_ENABLE_OBJC_ARC = YES;
				CLANG_ENABLE_OBJC_WEAK = YES;
				CLANG_WARN_BLOCK_CAPTURE_AUTORELEASING = YES;
				CLANG_WARN_BOOL_CONVERSION = YES;
				CLANG_WARN_COMMA = YES;
				CLANG_WARN_CONSTANT_CONVERSION = YES;
				CLANG_WARN_DEPRECATED_OBJC_IMPLEMENTATIONS = YES;
				CLANG_WARN_DIRECT_OBJC_ISA_USAGE = YES_ERROR;
				CLANG_WARN_DOCUMENTATION_COMMENTS = YES;
				CLANG_WARN_EMPTY_BODY = YES;
				CLANG_WARN_ENUM_CONVERSION = YES;
				CLANG_WARN_INFINITE_RECURSION = YES;
				CLANG_WARN_INT_CONVERSION = YES;
				CLANG_WARN_NON_LITERAL_NULL_CONVERSION = YES;
				CLANG_WARN_OBJC_IMPLICIT_RETAIN_SELF = YES;
				CLANG_WARN_OBJC_LITERAL_CONVERSION = YES;
				CLANG_WARN_OBJC_ROOT_CLASS = YES_ERROR;
				CLANG_WARN_QUOTED_INCLUDE_IN_FRAMEWORK_HEADER = YES;
				CLANG_WARN_RANGE_LOOP_ANALYSIS = YES;
				CLANG_WARN_STRICT_PROTOTYPES = YES;
				CLANG_WARN_SUSPICIOUS_MOVE = YES;
				CLANG_WARN_UNGUARDED_AVAILABILITY = YES_AGGRESSIVE;
				CLANG_WARN_UNREACHABLE_CODE = YES;
				CLANG_WARN__DUPLICATE_METHOD_MATCH = YES;
				COPY_PHASE_STRIP = NO;
				DEBUG_INFORMATION_FORMAT = "dwarf-with-dsym";
				ENABLE_NS_ASSERTIONS = NO;
				ENABLE_STRICT_OBJC_MSGSEND = YES;
				GCC_C_LANGUAGE_STANDARD = gnu11;
				GCC_NO_COMMON_BLOCKS = YES;
				GCC_WARN_64_TO_32_BIT_CONVERSION = YES;
				GCC_WARN_ABOUT_RETURN_TYPE = YES_ERROR;
				GCC_WARN_UNDECLARED_SELECTOR = YES;
				GCC_WARN_UNINITIALIZED_AUTOS = YES_AGGRESSIVE;
				GCC_WARN_UNUSED_FUNCTION = YES;
				GCC_WARN_UNUSED_VARIABLE = YES;
				IPHONEOS_DEPLOYMENT_TARGET = 15.5;
				MTL_ENABLE_DEBUG_INFO = NO;
				MTL_FAST_MATH = YES;
				SDKROOT = iphoneos;
				SWIFT_COMPILATION_MODE = wholemodule;
				SWIFT_OPTIMIZATION_LEVEL = "-O";
				VALIDATE_PRODUCT = YES;
			};
			name = Release;
		};
		045703552ACC7FCA0054F8DC /* Debug */ = {
			isa = XCBuildConfiguration;
			buildSettings = {
				ASSETCATALOG_COMPILER_APPICON_NAME = AppIcon;
				ASSETCATALOG_COMPILER_GLOBAL_ACCENT_COLOR_NAME = AccentColor;
				CODE_SIGN_STYLE = Automatic;
				CURRENT_PROJECT_VERSION = 1;
				GENERATE_INFOPLIST_FILE = YES;
				INFOPLIST_FILE = MultiplePickerView/Info.plist;
				INFOPLIST_KEY_UIApplicationSupportsIndirectInputEvents = YES;
				INFOPLIST_KEY_UILaunchStoryboardName = LaunchScreen;
				INFOPLIST_KEY_UIMainStoryboardFile = Main;
				INFOPLIST_KEY_UISupportedInterfaceOrientations_iPad = "UIInterfaceOrientationPortrait UIInterfaceOrientationPortraitUpsideDown UIInterfaceOrientationLandscapeLeft UIInterfaceOrientationLandscapeRight";
				INFOPLIST_KEY_UISupportedInterfaceOrientations_iPhone = "UIInterfaceOrientationPortrait UIInterfaceOrientationLandscapeLeft UIInterfaceOrientationLandscapeRight";
				LD_RUNPATH_SEARCH_PATHS = (
					"$(inherited)",
					"@executable_path/Frameworks",
				);
				MARKETING_VERSION = 1.0;
				PRODUCT_BUNDLE_IDENTIFIER = com.app.razorpay.MultiplePickerView;
				PRODUCT_NAME = "$(TARGET_NAME)";
				SWIFT_EMIT_LOC_STRINGS = YES;
				SWIFT_VERSION = 5.0;
				TARGETED_DEVICE_FAMILY = "1,2";
			};
			name = Debug;
		};
		045703562ACC7FCA0054F8DC /* Release */ = {
			isa = XCBuildConfiguration;
			buildSettings = {
				ASSETCATALOG_COMPILER_APPICON_NAME = AppIcon;
				ASSETCATALOG_COMPILER_GLOBAL_ACCENT_COLOR_NAME = AccentColor;
				CODE_SIGN_STYLE = Automatic;
				CURRENT_PROJECT_VERSION = 1;
				GENERATE_INFOPLIST_FILE = YES;
				INFOPLIST_FILE = MultiplePickerView/Info.plist;
				INFOPLIST_KEY_UIApplicationSupportsIndirectInputEvents = YES;
				INFOPLIST_KEY_UILaunchStoryboardName = LaunchScreen;
				INFOPLIST_KEY_UIMainStoryboardFile = Main;
				INFOPLIST_KEY_UISupportedInterfaceOrientations_iPad = "UIInterfaceOrientationPortrait UIInterfaceOrientationPortraitUpsideDown UIInterfaceOrientationLandscapeLeft UIInterfaceOrientationLandscapeRight";
				INFOPLIST_KEY_UISupportedInterfaceOrientations_iPhone = "UIInterfaceOrientationPortrait UIInterfaceOrientationLandscapeLeft UIInterfaceOrientationLandscapeRight";
				LD_RUNPATH_SEARCH_PATHS = (
					"$(inherited)",
					"@executable_path/Frameworks",
				);
				MARKETING_VERSION = 1.0;
				PRODUCT_BUNDLE_IDENTIFIER = com.app.razorpay.MultiplePickerView;
				PRODUCT_NAME = "$(TARGET_NAME)";
				SWIFT_EMIT_LOC_STRINGS = YES;
				SWIFT_VERSION = 5.0;
				TARGETED_DEVICE_FAMILY = "1,2";
			};
			name = Release;
		};
		045703582ACC7FCA0054F8DC /* Debug */ = {
			isa = XCBuildConfiguration;
			buildSettings = {
				ALWAYS_EMBED_SWIFT_STANDARD_LIBRARIES = YES;
				BUNDLE_LOADER = "$(TEST_HOST)";
				CODE_SIGN_STYLE = Automatic;
				CURRENT_PROJECT_VERSION = 1;
				GENERATE_INFOPLIST_FILE = YES;
				IPHONEOS_DEPLOYMENT_TARGET = 15.5;
				MARKETING_VERSION = 1.0;
				PRODUCT_BUNDLE_IDENTIFIER = com.app.razorpay.MultiplePickerViewTests;
				PRODUCT_NAME = "$(TARGET_NAME)";
				SWIFT_EMIT_LOC_STRINGS = NO;
				SWIFT_VERSION = 5.0;
				TARGETED_DEVICE_FAMILY = "1,2";
				TEST_HOST = "$(BUILT_PRODUCTS_DIR)/MultiplePickerView.app/MultiplePickerView";
			};
			name = Debug;
		};
		045703592ACC7FCA0054F8DC /* Release */ = {
			isa = XCBuildConfiguration;
			buildSettings = {
				ALWAYS_EMBED_SWIFT_STANDARD_LIBRARIES = YES;
				BUNDLE_LOADER = "$(TEST_HOST)";
				CODE_SIGN_STYLE = Automatic;
				CURRENT_PROJECT_VERSION = 1;
				GENERATE_INFOPLIST_FILE = YES;
				IPHONEOS_DEPLOYMENT_TARGET = 15.5;
				MARKETING_VERSION = 1.0;
				PRODUCT_BUNDLE_IDENTIFIER = com.app.razorpay.MultiplePickerViewTests;
				PRODUCT_NAME = "$(TARGET_NAME)";
				SWIFT_EMIT_LOC_STRINGS = NO;
				SWIFT_VERSION = 5.0;
				TARGETED_DEVICE_FAMILY = "1,2";
				TEST_HOST = "$(BUILT_PRODUCTS_DIR)/MultiplePickerView.app/MultiplePickerView";
			};
			name = Release;
		};
		0457035B2ACC7FCA0054F8DC /* Debug */ = {
			isa = XCBuildConfiguration;
			buildSettings = {
				ALWAYS_EMBED_SWIFT_STANDARD_LIBRARIES = YES;
				CODE_SIGN_STYLE = Automatic;
				CURRENT_PROJECT_VERSION = 1;
				GENERATE_INFOPLIST_FILE = YES;
				MARKETING_VERSION = 1.0;
				PRODUCT_BUNDLE_IDENTIFIER = com.app.razorpay.MultiplePickerViewUITests;
				PRODUCT_NAME = "$(TARGET_NAME)";
				SWIFT_EMIT_LOC_STRINGS = NO;
				SWIFT_VERSION = 5.0;
				TARGETED_DEVICE_FAMILY = "1,2";
				TEST_TARGET_NAME = MultiplePickerView;
			};
			name = Debug;
		};
		0457035C2ACC7FCA0054F8DC /* Release */ = {
			isa = XCBuildConfiguration;
			buildSettings = {
				ALWAYS_EMBED_SWIFT_STANDARD_LIBRARIES = YES;
				CODE_SIGN_STYLE = Automatic;
				CURRENT_PROJECT_VERSION = 1;
				GENERATE_INFOPLIST_FILE = YES;
				MARKETING_VERSION = 1.0;
				PRODUCT_BUNDLE_IDENTIFIER = com.app.razorpay.MultiplePickerViewUITests;
				PRODUCT_NAME = "$(TARGET_NAME)";
				SWIFT_EMIT_LOC_STRINGS = NO;
				SWIFT_VERSION = 5.0;
				TARGETED_DEVICE_FAMILY = "1,2";
				TEST_TARGET_NAME = MultiplePickerView;
			};
			name = Release;
		};
/* End XCBuildConfiguration section */

/* Begin XCConfigurationList section */
		045703222ACC7FC60054F8DC /* Build configuration list for PBXProject "MultiplePickerView" */ = {
			isa = XCConfigurationList;
			buildConfigurations = (
				045703522ACC7FCA0054F8DC /* Debug */,
				045703532ACC7FCA0054F8DC /* Release */,
			);
			defaultConfigurationIsVisible = 0;
			defaultConfigurationName = Release;
		};
		045703542ACC7FCA0054F8DC /* Build configuration list for PBXNativeTarget "MultiplePickerView" */ = {
			isa = XCConfigurationList;
			buildConfigurations = (
				045703552ACC7FCA0054F8DC /* Debug */,
				045703562ACC7FCA0054F8DC /* Release */,
			);
			defaultConfigurationIsVisible = 0;
			defaultConfigurationName = Release;
		};
		045703572ACC7FCA0054F8DC /* Build configuration list for PBXNativeTarget "MultiplePickerViewTests" */ = {
			isa = XCConfigurationList;
			buildConfigurations = (
				045703582ACC7FCA0054F8DC /* Debug */,
				045703592ACC7FCA0054F8DC /* Release */,
			);
			defaultConfigurationIsVisible = 0;
			defaultConfigurationName = Release;
		};
		0457035A2ACC7FCA0054F8DC /* Build configuration list for PBXNativeTarget "MultiplePickerViewUITests" */ = {
			isa = XCConfigurationList;
			buildConfigurations = (
				0457035B2ACC7FCA0054F8DC /* Debug */,
				0457035C2ACC7FCA0054F8DC /* Release */,
			);
			defaultConfigurationIsVisible = 0;
			defaultConfigurationName = Release;
		};
/* End XCConfigurationList section */

/* Begin XCVersionGroup section */
		045703332ACC7FC60054F8DC /* MultiplePickerView.xcdatamodeld */ = {
			isa = XCVersionGroup;
			children = (
				045703342ACC7FC60054F8DC /* MultiplePickerView.xcdatamodel */,
			);
			currentVersion = 045703342ACC7FC60054F8DC /* MultiplePickerView.xcdatamodel */;
			path = MultiplePickerView.xcdatamodeld;
			sourceTree = "<group>";
			versionGroupType = wrapper.xcdatamodel;
		};
/* End XCVersionGroup section */
	};
	rootObject = 0457031F2ACC7FC60054F8DC /* Project object */;
}
